{
  "name": "eNode",
  "version": "0.2.0",
  "lockfileVersion": 1,
  "requires": true,
  "dependencies": {
    "async": {
      "version": "3.0.0",
      "resolved": "https://registry.npm.taobao.org/async/download/async-3.0.0.tgz",
      "integrity": "sha1-TJWbN9jEd9wYny77k0CEf3rX94U="
    },
    "bson": {
      "version": "1.1.1",
      "resolved": "https://registry.npm.taobao.org/bson/download/bson-1.1.1.tgz",
      "integrity": "sha1-QzD16ZEExOdR5zUYWeLUCCefLxM="
    },
    "colors": {
      "version": "0.6.2",
      "resolved": "http://registry.npm.taobao.org/colors/download/colors-0.6.2.tgz",
      "integrity": "sha1-JCP+ZnisDF2uiFLl0OW+CMmXq8w=",
      "optional": true
    },
    "hexy": {
      "version": "0.3.0",
      "resolved": "https://registry.npm.taobao.org/hexy/download/hexy-0.3.0.tgz",
      "integrity": "sha1-U8AKlaC68dgTBA1ZSQ6uq0W60JE="
    },
    "memory-pager": {
      "version": "1.5.0",
      "resolved": "https://registry.npm.taobao.org/memory-pager/download/memory-pager-1.5.0.tgz",
      "integrity": "sha1-2HUWVdItOEaCdByXLyw9bfo+ZrU=",
      "optional": true
    },
    "mongodb": {
      "version": "3.2.5",
      "resolved": "https://registry.npm.taobao.org/mongodb/download/mongodb-3.2.5.tgz",
      "integrity": "sha1-NtmFDk9etA5LxVG/O9kfYB1IJMQ=",
      "requires": {
        "mongodb-core": "3.2.5",
        "safe-buffer": "^5.1.2"
      }
    },
    "mongodb-core": {
      "version": "3.2.5",
      "resolved": "https://registry.npm.taobao.org/mongodb-core/download/mongodb-core-3.2.5.tgz",
      "integrity": "sha1-CPnHj0S7pqItBP07zmuyV9gsfTU=",
      "requires": {
        "bson": "^1.1.1",
        "require_optional": "^1.0.1",
        "safe-buffer": "^5.1.2",
        "saslprep": "^1.0.0"
      }
    },
    "require_optional": {
      "version": "1.0.1",
      "resolved": "https://registry.npm.taobao.org/require_optional/download/require_optional-1.0.1.tgz",
      "integrity": "sha1-TPNaQkf2TKPfjC7yCMxJSxyo/C4=",
      "requires": {
        "resolve-from": "^2.0.0",
        "semver": "^5.1.0"
      }
    },
    "resolve-from": {
      "version": "2.0.0",
      "resolved": "http://registry.npm.taobao.org/resolve-from/download/resolve-from-2.0.0.tgz",
      "integrity": "sha1-lICrIOlP+h2egKgEx+oUdhGWa1c="
    },
    "safe-buffer": {
      "version": "5.1.2",
      "resolved": "http://registry.npm.taobao.org/safe-buffer/download/safe-buffer-5.1.2.tgz",
      "integrity": "sha1-mR7GnSluAxN0fVm9/St0XDX4go0="
    },
    "saslprep": {
      "version": "1.0.3",
      "resolved": "https://registry.npm.taobao.org/saslprep/download/saslprep-1.0.3.tgz",
      "integrity": "sha1-TAL5RrVs9UKX40e6EJPnrKxM8iY=",
      "optional": true,
      "requires": {
        "sparse-bitfield": "^3.0.3"
      }
    },
    "semver": {
      "version": "5.7.0",
      "resolved": "http://registry.npm.taobao.org/semver/download/semver-5.7.0.tgz?cache=0&other_urls=http%3A%2F%2Fregistry.npm.taobao.org%2Fsemver%2Fdownload%2Fsemver-5.7.0.tgz",
      "integrity": "sha1-eQp89v6lRZuslhELKbYEEtyP+Ws="
    },
    "sparse-bitfield": {
      "version": "3.0.3",
      "resolved": "https://registry.npm.taobao.org/sparse-bitfield/download/sparse-bitfield-3.0.3.tgz",
      "integrity": "sha1-/0rm5oZWBWuks+eSqzM004JzyhE=",
      "optional": true,
      "requires": {
        "memory-pager": "^1.0.2"
      }
    },
    "tinylogger": {
      "version": "0.1.31",
      "resolved": "https://registry.npm.taobao.org/tinylogger/download/tinylogger-0.1.31.tgz",
      "integrity": "sha1-SMGv+Pw5i0HVUtxS8Bq5fn2ukxk=",
      "requires": {
        "colors": "0.x.x"
      }
    }
  }
}
